{
    "name": "Ball-UI",
    "version": "0.0.1",
    "lockfileVersion": 1,
    "dependencies": {
        "amdefine": {
            "version": "1.0.1",
            "resolved": "https://registry.npmjs.org/amdefine/-/amdefine-1.0.1.tgz",
            "integrity": "sha1-SlKCrBZHKek2Gbz9OtFR+BfOkfU="
        },
        "autoprefixer-core": {
            "version": "5.2.1",
            "resolved": "https://registry.npmjs.org/autoprefixer-core/-/autoprefixer-core-5.2.1.tgz",
            "integrity": "sha1-5kDEFK5Bmq4hwa1DyOoPPbgqVm0="
        },
        "balanced-match": {
            "version": "1.0.0",
            "resolved": "https://registry.npmjs.org/balanced-match/-/balanced-match-1.0.0.tgz",
            "integrity": "sha1-ibTRmasr7kneFk6gK4nORi1xt2c="
        },
        "brace-expansion": {
            "version": "1.1.8",
            "resolved": "https://registry.npmjs.org/brace-expansion/-/brace-expansion-1.1.8.tgz",
            "integrity": "sha1-wHshHHyVLsH479Uad+8NHTmQopI="
        },
        "browserslist": {
            "version": "0.4.0",
            "resolved": "https://registry.npmjs.org/browserslist/-/browserslist-0.4.0.tgz",
            "integrity": "sha1-O9SrkZncG5FQ1NbbpNnTqrvIbdQ="
        },
        "caniuse-db": {
            "version": "1.0.30000692",
            "resolved": "https://registry.npmjs.org/caniuse-db/-/caniuse-db-1.0.30000692.tgz",
            "integrity": "sha1-Pampk1OtvOoeFCuZ9g7MYhbfR6U="
        },
        "color-parser": {
            "version": "0.1.0",
            "resolved": "https://registry.npmjs.org/color-parser/-/color-parser-0.1.0.tgz",
            "integrity": "sha1-jhfJPKAsx7TZmNmyDMawyOHOGco="
        },
        "commander": {
            "version": "1.1.1",
            "resolved": "https://registry.npmjs.org/commander/-/commander-1.1.1.tgz",
            "integrity": "sha1-UNFlGGiuYOzP8KLZ80WVN2vGsEE="
        },
        "concat-map": {
            "version": "0.0.1",
            "resolved": "https://registry.npmjs.org/concat-map/-/concat-map-0.0.1.tgz",
            "integrity": "sha1-2Klr13/Wjfd5OnMDajug1UBdR3s="
        },
        "css": {
            "version": "1.4.4",
            "resolved": "https://registry.npmjs.org/css/-/css-1.4.4.tgz",
            "integrity": "sha1-xGF1ZeZeMUDfDPb5hbRZ8D4IK+Y="
        },
        "css-mqpacker": {
            "version": "3.1.0",
            "resolved": "https://registry.npmjs.org/css-mqpacker/-/css-mqpacker-3.1.0.tgz",
            "integrity": "sha1-FOoSdBt6scasQ9x2nTEAb56WSXs="
        },
        "css-parse": {
            "version": "1.6.0",
            "resolved": "https://registry.npmjs.org/css-parse/-/css-parse-1.6.0.tgz",
            "integrity": "sha1-uPwkFvjthZxfv3kchrnrwCJYmM4="
        },
        "css-stringify": {
            "version": "1.3.2",
            "resolved": "https://registry.npmjs.org/css-stringify/-/css-stringify-1.3.2.tgz",
            "integrity": "sha1-n3B5J/KxZ83Vb/pCnyb6IGmCwmk="
        },
        "css-whitespace": {
            "version": "1.1.1",
            "resolved": "https://registry.npmjs.org/css-whitespace/-/css-whitespace-1.1.1.tgz",
            "integrity": "sha1-m/7Xm01WSKIsh3d/3A5blgWIAWI="
        },
        "debug": {
            "version": "2.6.8",
            "resolved": "https://registry.npmjs.org/debug/-/debug-2.6.8.tgz",
            "integrity": "sha1-5zFTHKLt4n0YgiJCfaF4IdaP9Pw="
        },
        "edp-provider-rider": {
            "version": "2.0.0",
            "resolved": "https://registry.npmjs.org/edp-provider-rider/-/edp-provider-rider-2.0.0.tgz",
            "integrity": "sha1-m4PftJVc/A70GQZvQLi63bTp5Z0="
        },
        "es6-promise": {
            "version": "2.3.0",
            "resolved": "https://registry.npmjs.org/es6-promise/-/es6-promise-2.3.0.tgz",
            "integrity": "sha1-lu258v2wGZWCKyY92KratnSBgbw="
        },
        "fs-extra": {
            "version": "0.16.5",
            "resolved": "https://registry.npmjs.org/fs-extra/-/fs-extra-0.16.5.tgz",
            "integrity": "sha1-GtZh+myGyWCM0bSe/G/Og0k5p1A="
        },
        "fs.realpath": {
            "version": "1.0.0",
            "resolved": "https://registry.npmjs.org/fs.realpath/-/fs.realpath-1.0.0.tgz",
            "integrity": "sha1-FQStJSMVjKpA20onh8sBQRmU6k8="
        },
        "glob": {
            "version": "7.1.2",
            "resolved": "https://registry.npmjs.org/glob/-/glob-7.1.2.tgz",
            "integrity": "sha512-MJTUg1kjuLeQCJ+ccE4Vpa6kKVXkPYJ2mOCQyUuKLcLQsdrMCpBPUi8qVE6+YuaJkozeA9NusTAw3hLr8Xe5EQ=="
        },
        "graceful-fs": {
            "version": "3.0.11",
            "resolved": "https://registry.npmjs.org/graceful-fs/-/graceful-fs-3.0.11.tgz",
            "integrity": "sha1-dhPHeKGv6mLyXGMKCG1/Osu92Bg="
        },
        "hsb2rgb": {
            "version": "1.0.2",
            "resolved": "https://registry.npmjs.org/hsb2rgb/-/hsb2rgb-1.0.2.tgz",
            "integrity": "sha1-MY6sLclPAu6MT9BY7u7WDRLbV7k="
        },
        "husl": {
            "version": "5.0.3",
            "resolved": "https://registry.npmjs.org/husl/-/husl-5.0.3.tgz",
            "integrity": "sha1-7icqr/G+vkDfNYjtAHtw3n5nl4g="
        },
        "inflight": {
            "version": "1.0.6",
            "resolved": "https://registry.npmjs.org/inflight/-/inflight-1.0.6.tgz",
            "integrity": "sha1-Sb1jMdfQLQwJvJEKEHW6gWW1bfk="
        },
        "inherits": {
            "version": "2.0.3",
            "resolved": "https://registry.npmjs.org/inherits/-/inherits-2.0.3.tgz",
            "integrity": "sha1-Yzwsg+PaQqUC9SRmAiSA9CCCYd4="
        },
        "js-base64": {
            "version": "2.1.9",
            "resolved": "https://registry.npmjs.org/js-base64/-/js-base64-2.1.9.tgz",
            "integrity": "sha1-8OgK4DmkvWVLXygfyT8EqRSn/M4="
        },
        "jsonfile": {
            "version": "2.4.0",
            "resolved": "https://registry.npmjs.org/jsonfile/-/jsonfile-2.4.0.tgz",
            "integrity": "sha1-NzaitCi4e72gzIO1P6PWM6NcKug=",
            "dependencies": {
                "graceful-fs": {
                    "version": "4.1.11",
                    "resolved": "https://registry.npmjs.org/graceful-fs/-/graceful-fs-4.1.11.tgz",
                    "integrity": "sha1-Dovf5NHduIVNZOBOp8AOKgJuVlg=",
                    "optional": true
                }
            }
        },
        "keypress": {
            "version": "0.1.0",
            "resolved": "https://registry.npmjs.org/keypress/-/keypress-0.1.0.tgz",
            "integrity": "sha1-SjGI1CkbZrT2XtuZ+AaqmuKTWSo="
        },
        "mime": {
            "version": "1.2.9",
            "resolved": "https://registry.npmjs.org/mime/-/mime-1.2.9.tgz",
            "integrity": "sha1-AJzUCGe9Nd5SGzuWbwTi+NTRPQk="
        },
        "minimatch": {
            "version": "3.0.4",
            "resolved": "https://registry.npmjs.org/minimatch/-/minimatch-3.0.4.tgz",
            "integrity": "sha512-yJHVQEhyqPLUTgt9B83PXu6W3rx4MvvHvSUvToogpwoGDOUQ+yDrR0HRot+yOCdCO7u4hX3pWft6kWBBcqh0UA=="
        },
        "minimist": {
            "version": "0.0.8",
            "resolved": "https://registry.npmjs.org/minimist/-/minimist-0.0.8.tgz",
            "integrity": "sha1-hX/Kv8M5fSYluCKCYuhqp6ARsF0="
        },
        "mkdirp": {
            "version": "0.5.1",
            "resolved": "https://registry.npmjs.org/mkdirp/-/mkdirp-0.5.1.tgz",
            "integrity": "sha1-MAV0OOrGz3+MR2fzhkjWaX11yQM="
        },
        "ms": {
            "version": "2.0.0",
            "resolved": "https://registry.npmjs.org/ms/-/ms-2.0.0.tgz",
            "integrity": "sha1-VgiurfwAvmwpAd9fmGF4jeDVl8g="
        },
        "natives": {
            "version": "1.1.0",
            "resolved": "https://registry.npmjs.org/natives/-/natives-1.1.0.tgz",
            "integrity": "sha1-6f+EFBimsux6SV6TmYT3jxY+bjE="
        },
        "num2fraction": {
            "version": "1.2.2",
            "resolved": "https://registry.npmjs.org/num2fraction/-/num2fraction-1.2.2.tgz",
            "integrity": "sha1-b2gragJ6Tp3fpFZM0lidHU5mnt4="
        },
        "once": {
            "version": "1.4.0",
            "resolved": "https://registry.npmjs.org/once/-/once-1.4.0.tgz",
            "integrity": "sha1-WDsap3WWHUsROsF9nFC6753Xa9E="
        },
        "path-is-absolute": {
            "version": "1.0.1",
            "resolved": "https://registry.npmjs.org/path-is-absolute/-/path-is-absolute-1.0.1.tgz",
            "integrity": "sha1-F0uSaHNVNP+8es5r9TpanhtcX18="
        },
        "postcss": {
            "version": "4.1.16",
            "resolved": "https://registry.npmjs.org/postcss/-/postcss-4.1.16.tgz",
            "integrity": "sha1-TESbTIr53zyvbTf44eV10DYXWNw="
        },
        "rework": {
            "version": "0.18.3",
            "resolved": "https://registry.npmjs.org/rework/-/rework-0.18.3.tgz",
            "integrity": "sha1-tjDI7xrYrRP9Fs0xKLeZFWwZHM4=",
            "dependencies": {
                "commander": {
                    "version": "1.0.4",
                    "resolved": "https://registry.npmjs.org/commander/-/commander-1.0.4.tgz",
                    "integrity": "sha1-Xt6xruI8T7VBprcNaSq+8ZZpotM="
                }
            }
        },
        "rework-inherit": {
            "version": "0.2.1",
            "resolved": "https://registry.npmjs.org/rework-inherit/-/rework-inherit-0.2.1.tgz",
            "integrity": "sha1-/dAaGZsKhu+QlDb7Nz97NDk28YU="
        },
        "rework-mixins": {
            "version": "1.1.1",
            "resolved": "https://registry.npmjs.org/rework-mixins/-/rework-mixins-1.1.1.tgz",
            "integrity": "sha1-v+ZJVB41kRh1zOp6uaXdHJKBemk="
        },
        "rework-visit": {
            "version": "1.0.0",
            "resolved": "https://registry.npmjs.org/rework-visit/-/rework-visit-1.0.0.tgz",
            "integrity": "sha1-mUWygD8hni96ygCtuLyfZA+ELJo="
        },
        "rider": {
            "version": "2.0.0",
            "resolved": "https://registry.npmjs.org/rider/-/rider-2.0.0.tgz",
            "integrity": "sha1-h8oz+mxqIne1HEyar7qhTIt+EAc="
        },
        "rimraf": {
            "version": "2.6.1",
            "resolved": "https://registry.npmjs.org/rimraf/-/rimraf-2.6.1.tgz",
            "integrity": "sha1-wjOOxkPfeht/5cVPqG9XQopV8z0="
        },
        "sax": {
            "version": "0.5.8",
            "resolved": "https://registry.npmjs.org/sax/-/sax-0.5.8.tgz",
            "integrity": "sha1-1HLbIo6zMcJQaw6MFVJK25OdEsE="
        },
        "source-map": {
            "version": "0.4.4",
            "resolved": "https://registry.npmjs.org/source-map/-/source-map-0.4.4.tgz",
            "integrity": "sha1-66T12pwNyZneaAMti092FzZSA2s="
        },
        "stdin": {
            "version": "0.0.1",
            "resolved": "https://registry.npmjs.org/stdin/-/stdin-0.0.1.tgz",
            "integrity": "sha1-0wQZgarsPf28d6GzjWNy449ftx4="
        },
        "styl": {
            "version": "0.2.9",
            "resolved": "https://registry.npmjs.org/styl/-/styl-0.2.9.tgz",
            "integrity": "sha1-OSoazs8Sbn7SGeyUaN+OqDCp0tc="
        },
        "stylus": {
            "version": "0.54.5",
            "resolved": "https://registry.npmjs.org/stylus/-/stylus-0.54.5.tgz",
            "integrity": "sha1-QrlWCTHKcJDOhRWnmLqeaqPW3Hk=",
            "dependencies": {
                "css-parse": {
                    "version": "1.7.0",
                    "resolved": "https://registry.npmjs.org/css-parse/-/css-parse-1.7.0.tgz",
                    "integrity": "sha1-Mh9s9zeCpv91ERE5D8BeLGV9jJs="
                },
                "glob": {
                    "version": "7.0.6",
                    "resolved": "https://registry.npmjs.org/glob/-/glob-7.0.6.tgz",
                    "integrity": "sha1-IRuvr0nlJbjNkyYNFKsTYVKz9Xo="
                },
                "source-map": {
                    "version": "0.1.43",
                    "resolved": "https://registry.npmjs.org/source-map/-/source-map-0.1.43.tgz",
                    "integrity": "sha1-wkvBRspRfBRx9drL4lcbK3+eM0Y="
                }
            }
        },
        "wrappy": {
            "version": "1.0.2",
            "resolved": "https://registry.npmjs.org/wrappy/-/wrappy-1.0.2.tgz",
            "integrity": "sha1-tSQ9jz7BqjXxNkYFvA0QNuMKtp8="
        }
    }
}
